{
  "name": "@catasophie/cli",
  "version": "1.0.0",
  "lockfileVersion": 3,
  "requires": true,
  "packages": {
    "": {
      "name": "@catasophie/cli",
      "version": "1.0.0",
      "bin": {
        "catasophie": "bin/catasophie.js"
      },
      "engines": {
        "node": ">=18"
      }
    }
  }
}
